
Microsoft Visual Studio Solution File, Format Version 12.00
# Visual Studio Version 17
VisualStudioVersion = 17.2.32519.379
MinimumVisualStudioVersion = 10.0.40219.1
Project("{FAE04EC0-301F-11D3-BF4B-00C04F79EFBC}") = "BusinessLogic", "BusinessLogic\BusinessLogic.csproj", "{A3CB2BB2-8507-4CAB-9F65-32763F1BADC9}"
EndProject
Project("{2150E333-8FDC-42A3-9474-1A3956D46DE8}") = "Solution Items", "Solution Items", "{3C08B595-CB57-4CAC-877D-3FA5FCA850A6}"
	ProjectSection(SolutionItems) = preProject
		.gitignore = .gitignore
		README.md = README.md
	EndProjectSection
EndProject
Global
	GlobalSection(SolutionConfigurationPlatforms) = preSolution
		Debug|Any CPU = Debug|Any CPU
		Release|Any CPU = Release|Any CPU
	EndGlobalSection
	GlobalSection(ProjectConfigurationPlatforms) = postSolution
		{A3CB2BB2-8507-4CAB-9F65-32763F1BADC9}.Debug|Any CPU.ActiveCfg = Debug|Any CPU
		{A3CB2BB2-8507-4CAB-9F65-32763F1BADC9}.Debug|Any CPU.Build.0 = Debug|Any CPU
		{A3CB2BB2-8507-4CAB-9F65-32763F1BADC9}.Release|Any CPU.ActiveCfg = Release|Any CPU
		{A3CB2BB2-8507-4CAB-9F65-32763F1BADC9}.Release|Any CPU.Build.0 = Release|Any CPU
	EndGlobalSection
	GlobalSection(SolutionProperties) = preSolution
		HideSolutionNode = FALSE
	EndGlobalSection
	GlobalSection(ExtensibilityGlobals) = postSolution
		SolutionGuid = {F1421FE1-9946-49B1-96B8-96D3B942680A}
	EndGlobalSection
EndGlobal
